
Microsoft Visual Studio Solution File, Format Version 12.00
# Visual Studio 15
VisualStudioVersion = 15.0.28307.1145
MinimumVisualStudioVersion = 10.0.40219.1
Project("{FAE04EC0-301F-11D3-BF4B-00C04F79EFBC}") = "WpfBasics", "WpfBasics\WpfBasics.csproj", "{97B1FC65-B27D-438E-8A17-F972ECA86E05}"
EndProject
Global
	GlobalSection(SolutionConfigurationPlatforms) = preSolution
		Debug|Any CPU = Debug|Any CPU
		Release|Any CPU = Release|Any CPU
	EndGlobalSection
	GlobalSection(ProjectConfigurationPlatforms) = postSolution
		{97B1FC65-B27D-438E-8A17-F972ECA86E05}.Debug|Any CPU.ActiveCfg = Debug|Any CPU
		{97B1FC65-B27D-438E-8A17-F972ECA86E05}.Debug|Any CPU.Build.0 = Debug|Any CPU
		{97B1FC65-B27D-438E-8A17-F972ECA86E05}.Release|Any CPU.ActiveCfg = Release|Any CPU
		{97B1FC65-B27D-438E-8A17-F972ECA86E05}.Release|Any CPU.Build.0 = Release|Any CPU
	EndGlobalSection
	GlobalSection(SolutionProperties) = preSolution
		HideSolutionNode = FALSE
	EndGlobalSection
	GlobalSection(ExtensibilityGlobals) = postSolution
		SolutionGuid = {890BDF9C-97CC-420C-AE02-9BE55A2616A6}
	EndGlobalSection
EndGlobal
